
Microsoft Visual Studio Solution File, Format Version 12.00
# Visual Studio Version 17
VisualStudioVersion = 17.7.34009.444
MinimumVisualStudioVersion = 10.0.40219.1
Project("{FAE04EC0-301F-11D3-BF4B-00C04F79EFBC}") = "DrinkChoice", "DrinkChoice\DrinkChoice.csproj", "{A74B96C6-AC37-4B6A-AB69-4F2365B6BF60}"
EndProject
Global
	GlobalSection(SolutionConfigurationPlatforms) = preSolution
		Debug|Any CPU = Debug|Any CPU
		Release|Any CPU = Release|Any CPU
	EndGlobalSection
	GlobalSection(ProjectConfigurationPlatforms) = postSolution
		{A74B96C6-AC37-4B6A-AB69-4F2365B6BF60}.Debug|Any CPU.ActiveCfg = Debug|Any CPU
		{A74B96C6-AC37-4B6A-AB69-4F2365B6BF60}.Debug|Any CPU.Build.0 = Debug|Any CPU
		{A74B96C6-AC37-4B6A-AB69-4F2365B6BF60}.Release|Any CPU.ActiveCfg = Release|Any CPU
		{A74B96C6-AC37-4B6A-AB69-4F2365B6BF60}.Release|Any CPU.Build.0 = Release|Any CPU
	EndGlobalSection
	GlobalSection(SolutionProperties) = preSolution
		HideSolutionNode = FALSE
	EndGlobalSection
	GlobalSection(ExtensibilityGlobals) = postSolution
		SolutionGuid = {55F24CA5-95E8-48BE-9803-3BA9434B73FA}
	EndGlobalSection
EndGlobal
